
Microsoft Visual Studio Solution File, Format Version 12.00
# Visual Studio Version 16
VisualStudioVersion = 16.0.30011.22
MinimumVisualStudioVersion = 10.0.40219.1
Project("{2150E333-8FDC-42A3-9474-1A3956D46DE8}") = "UI", "UI", "{1316228D-67C0-4ED6-8347-C9054EF785F9}"
EndProject
Project("{2150E333-8FDC-42A3-9474-1A3956D46DE8}") = "Base", "Base", "{71283B83-EFCF-46E7-8788-434DFDC3F6D1}"
EndProject
Project("{2150E333-8FDC-42A3-9474-1A3956D46DE8}") = "Data", "Data", "{FBBDE032-90E7-4080-83D8-433FA59EDD33}"
EndProject
Project("{2150E333-8FDC-42A3-9474-1A3956D46DE8}") = "Logic", "Logic", "{09ADBC7E-DA1F-4BAB-9A71-C7F9B02CED82}"
EndProject
Project("{9A19103F-16F7-4668-BE54-9A1E7A4F7556}") = "WaCo.MyTasks.DesktopUI", "UI\WaCo.MyTasks.DesktopUI\WaCo.MyTasks.DesktopUI.csproj", "{D9A67347-63EA-41E7-8A4F-EB2361DA7070}"
EndProject
Project("{9A19103F-16F7-4668-BE54-9A1E7A4F7556}") = "WaCo.MyTasks.Tests", "UI\WaCo.MyTasks.Tests\WaCo.MyTasks.Tests.csproj", "{0091CB1B-3B51-462C-BB88-9AD4CCEA3613}"
EndProject
Project("{9A19103F-16F7-4668-BE54-9A1E7A4F7556}") = "WaCo.MyTasks.Core", "Base\WaCo.MyTasks.Core\WaCo.MyTasks.Core.csproj", "{5F4CCE98-BCDD-4A2D-88DE-E168E9768323}"
EndProject
Project("{9A19103F-16F7-4668-BE54-9A1E7A4F7556}") = "WaCo.MyTasks.Services", "Base\WaCo.MyTasks.Services\WaCo.MyTasks.Services.csproj", "{828EAAF1-BA4E-4127-AE04-27719619555C}"
EndProject
Project("{9A19103F-16F7-4668-BE54-9A1E7A4F7556}") = "WaCo.MyTasks.DataAccess", "Data\WaCo.MyTasks.DataAccess\WaCo.MyTasks.DataAccess.csproj", "{7F42D3BC-FFE4-40F6-86A3-FCC11665977F}"
EndProject
Project("{9A19103F-16F7-4668-BE54-9A1E7A4F7556}") = "WaCo.MyTasks.ToDo", "Logic\WaCo.MyTasks.ToDo\WaCo.MyTasks.ToDo.csproj", "{23A5956A-7D8E-498C-BC0B-69C80C56D405}"
EndProject
Project("{9A19103F-16F7-4668-BE54-9A1E7A4F7556}") = "WaCo.MyTasks.DataAccessDBFirst", "Data\WaCo.MyTasks.DataAccessDBFirst\WaCo.MyTasks.DataAccessDBFirst.csproj", "{9ADE3F9A-189E-46FC-9205-C3E4D7B79C11}"
EndProject
Project("{00D1A9C2-B5F0-4AF3-8072-F6C62B433612}") = "WaCo.MyTasks.TaskDB", "Data\WaCo.MyTasks.TaskDB\WaCo.MyTasks.TaskDB.sqlproj", "{6C63D4A7-CB38-4A30-AD20-B8B043607B32}"
EndProject
Project("{9A19103F-16F7-4668-BE54-9A1E7A4F7556}") = "WaCo.MyTasks.Models", "Base\WaCo.MyTasks.Models\WaCo.MyTasks.Models.csproj", "{2F1B30EC-D164-4BC3-BD0A-9E50D3B10A1F}"
EndProject
Project("{9A19103F-16F7-4668-BE54-9A1E7A4F7556}") = "WaCo.MyTasks.Services.Interfaces", "Base\WaCo.MyTasks.Services.Interfaces\WaCo.MyTasks.Services.Interfaces.csproj", "{FD5AB81B-6BDB-4786-8C85-55C8F45ABA31}"
EndProject
Project("{FAE04EC0-301F-11D3-BF4B-00C04F79EFBC}") = "WaCo.MyTasks.DataAccess.Interfaces", "Data\WaCo.MyTasks.DataAccess.Interfaces\WaCo.MyTasks.DataAccess.Interfaces.csproj", "{66C0965C-26CD-421F-95CD-706AB0FB2CCF}"
EndProject
Global
	GlobalSection(SolutionConfigurationPlatforms) = preSolution
		Debug|Any CPU = Debug|Any CPU
		Release|Any CPU = Release|Any CPU
	EndGlobalSection
	GlobalSection(ProjectConfigurationPlatforms) = postSolution
		{D9A67347-63EA-41E7-8A4F-EB2361DA7070}.Debug|Any CPU.ActiveCfg = Debug|Any CPU
		{D9A67347-63EA-41E7-8A4F-EB2361DA7070}.Debug|Any CPU.Build.0 = Debug|Any CPU
		{D9A67347-63EA-41E7-8A4F-EB2361DA7070}.Release|Any CPU.ActiveCfg = Release|Any CPU
		{D9A67347-63EA-41E7-8A4F-EB2361DA7070}.Release|Any CPU.Build.0 = Release|Any CPU
		{0091CB1B-3B51-462C-BB88-9AD4CCEA3613}.Debug|Any CPU.ActiveCfg = Debug|Any CPU
		{0091CB1B-3B51-462C-BB88-9AD4CCEA3613}.Debug|Any CPU.Build.0 = Debug|Any CPU
		{0091CB1B-3B51-462C-BB88-9AD4CCEA3613}.Release|Any CPU.ActiveCfg = Release|Any CPU
		{0091CB1B-3B51-462C-BB88-9AD4CCEA3613}.Release|Any CPU.Build.0 = Release|Any CPU
		{5F4CCE98-BCDD-4A2D-88DE-E168E9768323}.Debug|Any CPU.ActiveCfg = Debug|Any CPU
		{5F4CCE98-BCDD-4A2D-88DE-E168E9768323}.Debug|Any CPU.Build.0 = Debug|Any CPU
		{5F4CCE98-BCDD-4A2D-88DE-E168E9768323}.Release|Any CPU.ActiveCfg = Release|Any CPU
		{5F4CCE98-BCDD-4A2D-88DE-E168E9768323}.Release|Any CPU.Build.0 = Release|Any CPU
		{828EAAF1-BA4E-4127-AE04-27719619555C}.Debug|Any CPU.ActiveCfg = Debug|Any CPU
		{828EAAF1-BA4E-4127-AE04-27719619555C}.Debug|Any CPU.Build.0 = Debug|Any CPU
		{828EAAF1-BA4E-4127-AE04-27719619555C}.Release|Any CPU.ActiveCfg = Release|Any CPU
		{828EAAF1-BA4E-4127-AE04-27719619555C}.Release|Any CPU.Build.0 = Release|Any CPU
		{7F42D3BC-FFE4-40F6-86A3-FCC11665977F}.Debug|Any CPU.ActiveCfg = Debug|Any CPU
		{7F42D3BC-FFE4-40F6-86A3-FCC11665977F}.Debug|Any CPU.Build.0 = Debug|Any CPU
		{7F42D3BC-FFE4-40F6-86A3-FCC11665977F}.Release|Any CPU.ActiveCfg = Release|Any CPU
		{7F42D3BC-FFE4-40F6-86A3-FCC11665977F}.Release|Any CPU.Build.0 = Release|Any CPU
		{23A5956A-7D8E-498C-BC0B-69C80C56D405}.Debug|Any CPU.ActiveCfg = Debug|Any CPU
		{23A5956A-7D8E-498C-BC0B-69C80C56D405}.Debug|Any CPU.Build.0 = Debug|Any CPU
		{23A5956A-7D8E-498C-BC0B-69C80C56D405}.Release|Any CPU.ActiveCfg = Release|Any CPU
		{23A5956A-7D8E-498C-BC0B-69C80C56D405}.Release|Any CPU.Build.0 = Release|Any CPU
		{9ADE3F9A-189E-46FC-9205-C3E4D7B79C11}.Debug|Any CPU.ActiveCfg = Debug|Any CPU
		{9ADE3F9A-189E-46FC-9205-C3E4D7B79C11}.Debug|Any CPU.Build.0 = Debug|Any CPU
		{9ADE3F9A-189E-46FC-9205-C3E4D7B79C11}.Release|Any CPU.ActiveCfg = Release|Any CPU
		{9ADE3F9A-189E-46FC-9205-C3E4D7B79C11}.Release|Any CPU.Build.0 = Release|Any CPU
		{6C63D4A7-CB38-4A30-AD20-B8B043607B32}.Debug|Any CPU.ActiveCfg = Debug|Any CPU
		{6C63D4A7-CB38-4A30-AD20-B8B043607B32}.Debug|Any CPU.Build.0 = Debug|Any CPU
		{6C63D4A7-CB38-4A30-AD20-B8B043607B32}.Debug|Any CPU.Deploy.0 = Debug|Any CPU
		{6C63D4A7-CB38-4A30-AD20-B8B043607B32}.Release|Any CPU.ActiveCfg = Release|Any CPU
		{6C63D4A7-CB38-4A30-AD20-B8B043607B32}.Release|Any CPU.Build.0 = Release|Any CPU
		{6C63D4A7-CB38-4A30-AD20-B8B043607B32}.Release|Any CPU.Deploy.0 = Release|Any CPU
		{2F1B30EC-D164-4BC3-BD0A-9E50D3B10A1F}.Debug|Any CPU.ActiveCfg = Debug|Any CPU
		{2F1B30EC-D164-4BC3-BD0A-9E50D3B10A1F}.Debug|Any CPU.Build.0 = Debug|Any CPU
		{2F1B30EC-D164-4BC3-BD0A-9E50D3B10A1F}.Release|Any CPU.ActiveCfg = Release|Any CPU
		{2F1B30EC-D164-4BC3-BD0A-9E50D3B10A1F}.Release|Any CPU.Build.0 = Release|Any CPU
		{FD5AB81B-6BDB-4786-8C85-55C8F45ABA31}.Debug|Any CPU.ActiveCfg = Debug|Any CPU
		{FD5AB81B-6BDB-4786-8C85-55C8F45ABA31}.Debug|Any CPU.Build.0 = Debug|Any CPU
		{FD5AB81B-6BDB-4786-8C85-55C8F45ABA31}.Release|Any CPU.ActiveCfg = Release|Any CPU
		{FD5AB81B-6BDB-4786-8C85-55C8F45ABA31}.Release|Any CPU.Build.0 = Release|Any CPU
		{66C0965C-26CD-421F-95CD-706AB0FB2CCF}.Debug|Any CPU.ActiveCfg = Debug|Any CPU
		{66C0965C-26CD-421F-95CD-706AB0FB2CCF}.Debug|Any CPU.Build.0 = Debug|Any CPU
		{66C0965C-26CD-421F-95CD-706AB0FB2CCF}.Release|Any CPU.ActiveCfg = Release|Any CPU
		{66C0965C-26CD-421F-95CD-706AB0FB2CCF}.Release|Any CPU.Build.0 = Release|Any CPU
	EndGlobalSection
	GlobalSection(SolutionProperties) = preSolution
		HideSolutionNode = FALSE
	EndGlobalSection
	GlobalSection(NestedProjects) = preSolution
		{D9A67347-63EA-41E7-8A4F-EB2361DA7070} = {1316228D-67C0-4ED6-8347-C9054EF785F9}
		{0091CB1B-3B51-462C-BB88-9AD4CCEA3613} = {1316228D-67C0-4ED6-8347-C9054EF785F9}
		{5F4CCE98-BCDD-4A2D-88DE-E168E9768323} = {71283B83-EFCF-46E7-8788-434DFDC3F6D1}
		{828EAAF1-BA4E-4127-AE04-27719619555C} = {71283B83-EFCF-46E7-8788-434DFDC3F6D1}
		{7F42D3BC-FFE4-40F6-86A3-FCC11665977F} = {FBBDE032-90E7-4080-83D8-433FA59EDD33}
		{23A5956A-7D8E-498C-BC0B-69C80C56D405} = {09ADBC7E-DA1F-4BAB-9A71-C7F9B02CED82}
		{9ADE3F9A-189E-46FC-9205-C3E4D7B79C11} = {FBBDE032-90E7-4080-83D8-433FA59EDD33}
		{6C63D4A7-CB38-4A30-AD20-B8B043607B32} = {FBBDE032-90E7-4080-83D8-433FA59EDD33}
		{2F1B30EC-D164-4BC3-BD0A-9E50D3B10A1F} = {71283B83-EFCF-46E7-8788-434DFDC3F6D1}
		{FD5AB81B-6BDB-4786-8C85-55C8F45ABA31} = {71283B83-EFCF-46E7-8788-434DFDC3F6D1}
		{66C0965C-26CD-421F-95CD-706AB0FB2CCF} = {FBBDE032-90E7-4080-83D8-433FA59EDD33}
	EndGlobalSection
	GlobalSection(ExtensibilityGlobals) = postSolution
		SolutionGuid = {AA1F824B-23E2-44A7-B2A2-510C54CA7EA5}
	EndGlobalSection
EndGlobal
